// !$*UTF8*$!
{
	archiveVersion = 1;
	classes = {
	};
	objectVersion = 50;
	objects = {

/* Begin PBXBuildFile section */
		411B4F97269414B3009E1B0E /* ListUIApp.swift in Sources */ = {isa = PBXBuildFile; fileRef = 411B4F96269414B3009E1B0E /* ListUIApp.swift */; };
		411B4F99269414B3009E1B0E /* ContentView.swift in Sources */ = {isa = PBXBuildFile; fileRef = 411B4F98269414B3009E1B0E /* ContentView.swift */; };
		411B4F9B269414B6009E1B0E /* Assets.xcassets in Resources */ = {isa = PBXBuildFile; fileRef = 411B4F9A269414B6009E1B0E /* Assets.xcassets */; };
		411B4F9E269414B6009E1B0E /* Preview Assets.xcassets in Resources */ = {isa = PBXBuildFile; fileRef = 411B4F9D269414B6009E1B0E /* Preview Assets.xcassets */; };
		411B4FA92694DFCA009E1B0E /* Recipe.swift in Sources */ = {isa = PBXBuildFile; fileRef = 411B4FA82694DFCA009E1B0E /* Recipe.swift */; };
		411B4FAB2694E084009E1B0E /* BreakfastView.swift in Sources */ = {isa = PBXBuildFile; fileRef = 411B4FAA2694E084009E1B0E /* BreakfastView.swift */; };
		411B4FAD2694E184009E1B0E /* LunchView.swift in Sources */ = {isa = PBXBuildFile; fileRef = 411B4FAC2694E184009E1B0E /* LunchView.swift */; };
		411B4FAF2694E193009E1B0E /* DinnerView.swift in Sources */ = {isa = PBXBuildFile; fileRef = 411B4FAE2694E193009E1B0E /* DinnerView.swift */; };
		411B4FB12694E19F009E1B0E /* SnackView.swift in Sources */ = {isa = PBXBuildFile; fileRef = 411B4FB02694E19F009E1B0E /* SnackView.swift */; };
		411B4FB42694F3F7009E1B0E /* SearchBarView.swift in Sources */ = {isa = PBXBuildFile; fileRef = 411B4FB32694F3F7009E1B0E /* SearchBarView.swift */; };
		411B4FB82694F93C009E1B0E /* ListButtonView.swift in Sources */ = {isa = PBXBuildFile; fileRef = 411B4FB72694F93C009E1B0E /* ListButtonView.swift */; };
		411B4FBB26978A90009E1B0E /* CardView.swift in Sources */ = {isa = PBXBuildFile; fileRef = 411B4FBA26978A90009E1B0E /* CardView.swift */; };
		411B4FBD26978AA5009E1B0E /* Card.swift in Sources */ = {isa = PBXBuildFile; fileRef = 411B4FBC26978AA5009E1B0E /* Card.swift */; };
		411B4FC32697B37E009E1B0E /* RecipePlaceholderView.swift in Sources */ = {isa = PBXBuildFile; fileRef = 411B4FC22697B37E009E1B0E /* RecipePlaceholderView.swift */; };
/* End PBXBuildFile section */

/* Begin PBXFileReference section */
		411B4F93269414B3009E1B0E /* ListUI.app */ = {isa = PBXFileReference; explicitFileType = wrapper.application; includeInIndex = 0; path = ListUI.app; sourceTree = BUILT_PRODUCTS_DIR; };
		411B4F96269414B3009E1B0E /* ListUIApp.swift */ = {isa = PBXFileReference; lastKnownFileType = sourcecode.swift; path = ListUIApp.swift; sourceTree = "<group>"; };
		411B4F98269414B3009E1B0E /* ContentView.swift */ = {isa = PBXFileReference; lastKnownFileType = sourcecode.swift; path = ContentView.swift; sourceTree = "<group>"; };
		411B4F9A269414B6009E1B0E /* Assets.xcassets */ = {isa = PBXFileReference; lastKnownFileType = folder.assetcatalog; path = Assets.xcassets; sourceTree = "<group>"; };
		411B4F9D269414B6009E1B0E /* Preview Assets.xcassets */ = {isa = PBXFileReference; lastKnownFileType = folder.assetcatalog; path = "Preview Assets.xcassets"; sourceTree = "<group>"; };
		411B4F9F269414B6009E1B0E /* Info.plist */ = {isa = PBXFileReference; lastKnownFileType = text.plist.xml; path = Info.plist; sourceTree = "<group>"; };
		411B4FA82694DFCA009E1B0E /* Recipe.swift */ = {isa = PBXFileReference; lastKnownFileType = sourcecode.swift; path = Recipe.swift; sourceTree = "<group>"; };
		411B4FAA2694E084009E1B0E /* BreakfastView.swift */ = {isa = PBXFileReference; lastKnownFileType = sourcecode.swift; path = BreakfastView.swift; sourceTree = "<group>"; };
		411B4FAC2694E184009E1B0E /* LunchView.swift */ = {isa = PBXFileReference; lastKnownFileType = sourcecode.swift; path = LunchView.swift; sourceTree = "<group>"; };
		411B4FAE2694E193009E1B0E /* DinnerView.swift */ = {isa = PBXFileReference; lastKnownFileType = sourcecode.swift; path = DinnerView.swift; sourceTree = "<group>"; };
		411B4FB02694E19F009E1B0E /* SnackView.swift */ = {isa = PBXFileReference; lastKnownFileType = sourcecode.swift; path = SnackView.swift; sourceTree = "<group>"; };
		411B4FB32694F3F7009E1B0E /* SearchBarView.swift */ = {isa = PBXFileReference; lastKnownFileType = sourcecode.swift; path = SearchBarView.swift; sourceTree = "<group>"; };
		411B4FB72694F93C009E1B0E /* ListButtonView.swift */ = {isa = PBXFileReference; lastKnownFileType = sourcecode.swift; path = ListButtonView.swift; sourceTree = "<group>"; };
		411B4FBA26978A90009E1B0E /* CardView.swift */ = {isa = PBXFileReference; lastKnownFileType = sourcecode.swift; path = CardView.swift; sourceTree = "<group>"; };
		411B4FBC26978AA5009E1B0E /* Card.swift */ = {isa = PBXFileReference; lastKnownFileType = sourcecode.swift; path = Card.swift; sourceTree = "<group>"; };
		411B4FC22697B37E009E1B0E /* RecipePlaceholderView.swift */ = {isa = PBXFileReference; lastKnownFileType = sourcecode.swift; path = RecipePlaceholderView.swift; sourceTree = "<group>"; };
/* End PBXFileReference section */

/* Begin PBXFrameworksBuildPhase section */
		411B4F90269414B3009E1B0E /* Frameworks */ = {
			isa = PBXFrameworksBuildPhase;
			buildActionMask = 2147483647;
			files = (
			);
			runOnlyForDeploymentPostprocessing = 0;
		};
/* End PBXFrameworksBuildPhase section */

/* Begin PBXGroup section */
		411B4F8A269414B3009E1B0E = {
			isa = PBXGroup;
			children = (
				411B4F95269414B3009E1B0E /* ListUI */,
				411B4F94269414B3009E1B0E /* Products */,
			);
			sourceTree = "<group>";
		};
		411B4F94269414B3009E1B0E /* Products */ = {
			isa = PBXGroup;
			children = (
				411B4F93269414B3009E1B0E /* ListUI.app */,
			);
			name = Products;
			sourceTree = "<group>";
		};
		411B4F95269414B3009E1B0E /* ListUI */ = {
			isa = PBXGroup;
			children = (
				411B4F96269414B3009E1B0E /* ListUIApp.swift */,
				411B4F98269414B3009E1B0E /* ContentView.swift */,
				411B4FA52694DF8A009E1B0E /* Model */,
				411B4FB22694E1B1009E1B0E /* MealViews */,
				411B4FBF2697B2CE009E1B0E /* RecipeView */,
				411B4FB92694F949009E1B0E /* Components */,
				411B4F9A269414B6009E1B0E /* Assets.xcassets */,
				411B4F9F269414B6009E1B0E /* Info.plist */,
				411B4F9C269414B6009E1B0E /* Preview Content */,
			);
			path = ListUI;
			sourceTree = "<group>";
		};
		411B4F9C269414B6009E1B0E /* Preview Content */ = {
			isa = PBXGroup;
			children = (
				411B4F9D269414B6009E1B0E /* Preview Assets.xcassets */,
			);
			path = "Preview Content";
			sourceTree = "<group>";
		};
		411B4FA52694DF8A009E1B0E /* Model */ = {
			isa = PBXGroup;
			children = (
				411B4FA82694DFCA009E1B0E /* Recipe.swift */,
				411B4FBC26978AA5009E1B0E /* Card.swift */,
			);
			path = Model;
			sourceTree = "<group>";
		};
		411B4FB22694E1B1009E1B0E /* MealViews */ = {
			isa = PBXGroup;
			children = (
				411B4FAA2694E084009E1B0E /* BreakfastView.swift */,
				411B4FAC2694E184009E1B0E /* LunchView.swift */,
				411B4FAE2694E193009E1B0E /* DinnerView.swift */,
				411B4FB02694E19F009E1B0E /* SnackView.swift */,
			);
			path = MealViews;
			sourceTree = "<group>";
		};
		411B4FB92694F949009E1B0E /* Components */ = {
			isa = PBXGroup;
			children = (
				411B4FB32694F3F7009E1B0E /* SearchBarView.swift */,
				411B4FB72694F93C009E1B0E /* ListButtonView.swift */,
				411B4FBA26978A90009E1B0E /* CardView.swift */,
			);
			path = Components;
			sourceTree = "<group>";
		};
		411B4FBF2697B2CE009E1B0E /* RecipeView */ = {
			isa = PBXGroup;
			children = (
				411B4FC22697B37E009E1B0E /* RecipePlaceholderView.swift */,
			);
			path = RecipeView;
			sourceTree = "<group>";
		};
/* End PBXGroup section */

/* Begin PBXNativeTarget section */
		411B4F92269414B3009E1B0E /* ListUI */ = {
			isa = PBXNativeTarget;
			buildConfigurationList = 411B4FA2269414B6009E1B0E /* Build configuration list for PBXNativeTarget "ListUI" */;
			buildPhases = (
				411B4F8F269414B3009E1B0E /* Sources */,
				411B4F90269414B3009E1B0E /* Frameworks */,
				411B4F91269414B3009E1B0E /* Resources */,
			);
			buildRules = (
			);
			dependencies = (
			);
			name = ListUI;
			productName = ListUI;
			productReference = 411B4F93269414B3009E1B0E /* ListUI.app */;
			productType = "com.apple.product-type.application";
		};
/* End PBXNativeTarget section */

/* Begin PBXProject section */
		411B4F8B269414B3009E1B0E /* Project object */ = {
			isa = PBXProject;
			attributes = {
				LastSwiftUpdateCheck = 1250;
				LastUpgradeCheck = 1250;
				TargetAttributes = {
					411B4F92269414B3009E1B0E = {
						CreatedOnToolsVersion = 12.5.1;
					};
				};
			};
			buildConfigurationList = 411B4F8E269414B3009E1B0E /* Build configuration list for PBXProject "ListUI" */;
			compatibilityVersion = "Xcode 9.3";
			developmentRegion = en;
			hasScannedForEncodings = 0;
			knownRegions = (
				en,
				Base,
			);
			mainGroup = 411B4F8A269414B3009E1B0E;
			productRefGroup = 411B4F94269414B3009E1B0E /* Products */;
			projectDirPath = "";
			projectRoot = "";
			targets = (
				411B4F92269414B3009E1B0E /* ListUI */,
			);
		};
/* End PBXProject section */

/* Begin PBXResourcesBuildPhase section */
		411B4F91269414B3009E1B0E /* Resources */ = {
			isa = PBXResourcesBuildPhase;
			buildActionMask = 2147483647;
			files = (
				411B4F9E269414B6009E1B0E /* Preview Assets.xcassets in Resources */,
				411B4F9B269414B6009E1B0E /* Assets.xcassets in Resources */,
			);
			runOnlyForDeploymentPostprocessing = 0;
		};
/* End PBXResourcesBuildPhase section */

/* Begin PBXSourcesBuildPhase section */
		411B4F8F269414B3009E1B0E /* Sources */ = {
			isa = PBXSourcesBuildPhase;
			buildActionMask = 2147483647;
			files = (
				411B4FC32697B37E009E1B0E /* RecipePlaceholderView.swift in Sources */,
				411B4FAF2694E193009E1B0E /* DinnerView.swift in Sources */,
				411B4FB82694F93C009E1B0E /* ListButtonView.swift in Sources */,
				411B4FAD2694E184009E1B0E /* LunchView.swift in Sources */,
				411B4FAB2694E084009E1B0E /* BreakfastView.swift in Sources */,
				411B4FBB26978A90009E1B0E /* CardView.swift in Sources */,
				411B4FA92694DFCA009E1B0E /* Recipe.swift in Sources */,
				411B4FB42694F3F7009E1B0E /* SearchBarView.swift in Sources */,
				411B4FB12694E19F009E1B0E /* SnackView.swift in Sources */,
				411B4F99269414B3009E1B0E /* ContentView.swift in Sources */,
				411B4F97269414B3009E1B0E /* ListUIApp.swift in Sources */,
				411B4FBD26978AA5009E1B0E /* Card.swift in Sources */,
			);
			runOnlyForDeploymentPostprocessing = 0;
		};
/* End PBXSourcesBuildPhase section */

/* Begin XCBuildConfiguration section */
		411B4FA0269414B6009E1B0E /* Debug */ = {
			isa = XCBuildConfiguration;
			buildSettings = {
				ALWAYS_SEARCH_USER_PATHS = NO;
				CLANG_ANALYZER_NONNULL = YES;
				CLANG_ANALYZER_NUMBER_OBJECT_CONVERSION = YES_AGGRESSIVE;
				CLANG_CXX_LANGUAGE_STANDARD = "gnu++14";
				CLANG_CXX_LIBRARY = "libc++";
				CLANG_ENABLE_MODULES = YES;
				CLANG_ENABLE_OBJC_ARC = YES;
				CLANG_ENABLE_OBJC_WEAK = YES;
				CLANG_WARN_BLOCK_CAPTURE_AUTORELEASING = YES;
				CLANG_WARN_BOOL_CONVERSION = YES;
				CLANG_WARN_COMMA = YES;
				CLANG_WARN_CONSTANT_CONVERSION = YES;
				CLANG_WARN_DEPRECATED_OBJC_IMPLEMENTATIONS = YES;
				CLANG_WARN_DIRECT_OBJC_ISA_USAGE = YES_ERROR;
				CLANG_WARN_DOCUMENTATION_COMMENTS = YES;
				CLANG_WARN_EMPTY_BODY = YES;
				CLANG_WARN_ENUM_CONVERSION = YES;
				CLANG_WARN_INFINITE_RECURSION = YES;
				CLANG_WARN_INT_CONVERSION = YES;
				CLANG_WARN_NON_LITERAL_NULL_CONVERSION = YES;
				CLANG_WARN_OBJC_IMPLICIT_RETAIN_SELF = YES;
				CLANG_WARN_OBJC_LITERAL_CONVERSION = YES;
				CLANG_WARN_OBJC_ROOT_CLASS = YES_ERROR;
				CLANG_WARN_QUOTED_INCLUDE_IN_FRAMEWORK_HEADER = YES;
				CLANG_WARN_RANGE_LOOP_ANALYSIS = YES;
				CLANG_WARN_STRICT_PROTOTYPES = YES;
				CLANG_WARN_SUSPICIOUS_MOVE = YES;
				CLANG_WARN_UNGUARDED_AVAILABILITY = YES_AGGRESSIVE;
				CLANG_WARN_UNREACHABLE_CODE = YES;
				CLANG_WARN__DUPLICATE_METHOD_MATCH = YES;
				COPY_PHASE_STRIP = NO;
				DEBUG_INFORMATION_FORMAT = dwarf;
				ENABLE_STRICT_OBJC_MSGSEND = YES;
				ENABLE_TESTABILITY = YES;
				GCC_C_LANGUAGE_STANDARD = gnu11;
				GCC_DYNAMIC_NO_PIC = NO;
				GCC_NO_COMMON_BLOCKS = YES;
				GCC_OPTIMIZATION_LEVEL = 0;
				GCC_PREPROCESSOR_DEFINITIONS = (
					"DEBUG=1",
					"$(inherited)",
				);
				GCC_WARN_64_TO_32_BIT_CONVERSION = YES;
				GCC_WARN_ABOUT_RETURN_TYPE = YES_ERROR;
				GCC_WARN_UNDECLARED_SELECTOR = YES;
				GCC_WARN_UNINITIALIZED_AUTOS = YES_AGGRESSIVE;
				GCC_WARN_UNUSED_FUNCTION = YES;
				GCC_WARN_UNUSED_VARIABLE = YES;
				IPHONEOS_DEPLOYMENT_TARGET = 14.5;
				MTL_ENABLE_DEBUG_INFO = INCLUDE_SOURCE;
				MTL_FAST_MATH = YES;
				ONLY_ACTIVE_ARCH = YES;
				SDKROOT = iphoneos;
				SWIFT_ACTIVE_COMPILATION_CONDITIONS = DEBUG;
				SWIFT_OPTIMIZATION_LEVEL = "-Onone";
			};
			name = Debug;
		};
		411B4FA1269414B6009E1B0E /* Release */ = {
			isa = XCBuildConfiguration;
			buildSettings = {
				ALWAYS_SEARCH_USER_PATHS = NO;
				CLANG_ANALYZER_NONNULL = YES;
				CLANG_ANALYZER_NUMBER_OBJECT_CONVERSION = YES_AGGRESSIVE;
				CLANG_CXX_LANGUAGE_STANDARD = "gnu++14";
				CLANG_CXX_LIBRARY = "libc++";
				CLANG_ENABLE_MODULES = YES;
				CLANG_ENABLE_OBJC_ARC = YES;
				CLANG_ENABLE_OBJC_WEAK = YES;
				CLANG_WARN_BLOCK_CAPTURE_AUTORELEASING = YES;
				CLANG_WARN_BOOL_CONVERSION = YES;
				CLANG_WARN_COMMA = YES;
				CLANG_WARN_CONSTANT_CONVERSION = YES;
				CLANG_WARN_DEPRECATED_OBJC_IMPLEMENTATIONS = YES;
				CLANG_WARN_DIRECT_OBJC_ISA_USAGE = YES_ERROR;
				CLANG_WARN_DOCUMENTATION_COMMENTS = YES;
				CLANG_WARN_EMPTY_BODY = YES;
				CLANG_WARN_ENUM_CONVERSION = YES;
				CLANG_WARN_INFINITE_RECURSION = YES;
				CLANG_WARN_INT_CONVERSION = YES;
				CLANG_WARN_NON_LITERAL_NULL_CONVERSION = YES;
				CLANG_WARN_OBJC_IMPLICIT_RETAIN_SELF = YES;
				CLANG_WARN_OBJC_LITERAL_CONVERSION = YES;
				CLANG_WARN_OBJC_ROOT_CLASS = YES_ERROR;
				CLANG_WARN_QUOTED_INCLUDE_IN_FRAMEWORK_HEADER = YES;
				CLANG_WARN_RANGE_LOOP_ANALYSIS = YES;
				CLANG_WARN_STRICT_PROTOTYPES = YES;
				CLANG_WARN_SUSPICIOUS_MOVE = YES;
				CLANG_WARN_UNGUARDED_AVAILABILITY = YES_AGGRESSIVE;
				CLANG_WARN_UNREACHABLE_CODE = YES;
				CLANG_WARN__DUPLICATE_METHOD_MATCH = YES;
				COPY_PHASE_STRIP = NO;
				DEBUG_INFORMATION_FORMAT = "dwarf-with-dsym";
				ENABLE_NS_ASSERTIONS = NO;
				ENABLE_STRICT_OBJC_MSGSEND = YES;
				GCC_C_LANGUAGE_STANDARD = gnu11;
				GCC_NO_COMMON_BLOCKS = YES;
				GCC_WARN_64_TO_32_BIT_CONVERSION = YES;
				GCC_WARN_ABOUT_RETURN_TYPE = YES_ERROR;
				GCC_WARN_UNDECLARED_SELECTOR = YES;
				GCC_WARN_UNINITIALIZED_AUTOS = YES_AGGRESSIVE;
				GCC_WARN_UNUSED_FUNCTION = YES;
				GCC_WARN_UNUSED_VARIABLE = YES;
				IPHONEOS_DEPLOYMENT_TARGET = 14.5;
				MTL_ENABLE_DEBUG_INFO = NO;
				MTL_FAST_MATH = YES;
				SDKROOT = iphoneos;
				SWIFT_COMPILATION_MODE = wholemodule;
				SWIFT_OPTIMIZATION_LEVEL = "-O";
				VALIDATE_PRODUCT = YES;
			};
			name = Release;
		};
		411B4FA3269414B6009E1B0E /* Debug */ = {
			isa = XCBuildConfiguration;
			buildSettings = {
				ASSETCATALOG_COMPILER_APPICON_NAME = AppIcon;
				ASSETCATALOG_COMPILER_GLOBAL_ACCENT_COLOR_NAME = AccentColor;
				CODE_SIGN_STYLE = Automatic;
				DEVELOPMENT_ASSET_PATHS = "\"ListUI/Preview Content\"";
				DEVELOPMENT_TEAM = U77829B9P3;
				ENABLE_PREVIEWS = YES;
				INFOPLIST_FILE = ListUI/Info.plist;
				IPHONEOS_DEPLOYMENT_TARGET = 14.0;
				LD_RUNPATH_SEARCH_PATHS = (
					"$(inherited)",
					"@executable_path/Frameworks",
				);
				PRODUCT_BUNDLE_IDENTIFIER = PersonalProj.ListUI;
				PRODUCT_NAME = "$(TARGET_NAME)";
				SWIFT_VERSION = 5.0;
				TARGETED_DEVICE_FAMILY = "1,2";
			};
			name = Debug;
		};
		411B4FA4269414B6009E1B0E /* Release */ = {
			isa = XCBuildConfiguration;
			buildSettings = {
				ASSETCATALOG_COMPILER_APPICON_NAME = AppIcon;
				ASSETCATALOG_COMPILER_GLOBAL_ACCENT_COLOR_NAME = AccentColor;
				CODE_SIGN_STYLE = Automatic;
				DEVELOPMENT_ASSET_PATHS = "\"ListUI/Preview Content\"";
				DEVELOPMENT_TEAM = U77829B9P3;
				ENABLE_PREVIEWS = YES;
				INFOPLIST_FILE = ListUI/Info.plist;
				IPHONEOS_DEPLOYMENT_TARGET = 14.0;
				LD_RUNPATH_SEARCH_PATHS = (
					"$(inherited)",
					"@executable_path/Frameworks",
				);
				PRODUCT_BUNDLE_IDENTIFIER = PersonalProj.ListUI;
				PRODUCT_NAME = "$(TARGET_NAME)";
				SWIFT_VERSION = 5.0;
				TARGETED_DEVICE_FAMILY = "1,2";
			};
			name = Release;
		};
/* End XCBuildConfiguration section */

/* Begin XCConfigurationList section */
		411B4F8E269414B3009E1B0E /* Build configuration list for PBXProject "ListUI" */ = {
			isa = XCConfigurationList;
			buildConfigurations = (
				411B4FA0269414B6009E1B0E /* Debug */,
				411B4FA1269414B6009E1B0E /* Release */,
			);
			defaultConfigurationIsVisible = 0;
			defaultConfigurationName = Release;
		};
		411B4FA2269414B6009E1B0E /* Build configuration list for PBXNativeTarget "ListUI" */ = {
			isa = XCConfigurationList;
			buildConfigurations = (
				411B4FA3269414B6009E1B0E /* Debug */,
				411B4FA4269414B6009E1B0E /* Release */,
			);
			defaultConfigurationIsVisible = 0;
			defaultConfigurationName = Release;
		};
/* End XCConfigurationList section */
	};
	rootObject = 411B4F8B269414B3009E1B0E /* Project object */;
}
